{
  "object": {
    "pins": [
      {
        "package": "CombineX",
        "repositoryURL": "https://github.com/cx-org/CombineX.git",
        "state": {
          "branch": null,
          "revision": "37848665666ceace50e7383d2a45aa11ca5d317f",
          "version": "0.0.1-beta.3"
        }
      },
      {
        "package": "Nimble",
        "repositoryURL": "https://github.com/Quick/Nimble.git",
        "state": {
          "branch": null,
          "revision": "f8657642dfdec9973efc79cc68bcef43a653a2bc",
          "version": "8.0.2"
        }
      },
      {
        "package": "Quick",
        "repositoryURL": "https://github.com/Quick/Quick.git",
        "state": {
          "branch": null,
          "revision": "33682c2f6230c60614861dfc61df267e11a1602f",
          "version": "2.2.0"
        }
      }
    ]
  },
  "version": 1
}
