// !$*UTF8*$!
{
	archiveVersion = 1;
	classes = {
	};
	objectVersion = 52;
	objects = {

/* Begin PBXBuildFile section */
		ADF9500A236BE4840085AF13 /* AppDelegate.swift in Sources */ = {isa = PBXBuildFile; fileRef = ADF95009236BE4840085AF13 /* AppDelegate.swift */; };
		ADF9500E236BE4840085AF13 /* ViewController.swift in Sources */ = {isa = PBXBuildFile; fileRef = ADF9500D236BE4840085AF13 /* ViewController.swift */; };
		ADF95011236BE4840085AF13 /* Main.storyboard in Resources */ = {isa = PBXBuildFile; fileRef = ADF9500F236BE4840085AF13 /* Main.storyboard */; };
		ADF95013236BE4860085AF13 /* Assets.xcassets in Resources */ = {isa = PBXBuildFile; fileRef = ADF95012236BE4860085AF13 /* Assets.xcassets */; };
		ADF95016236BE4860085AF13 /* LaunchScreen.storyboard in Resources */ = {isa = PBXBuildFile; fileRef = ADF95014236BE4860085AF13 /* LaunchScreen.storyboard */; };
		ADF9523F236BE5EA0085AF13 /* CombineX in Frameworks */ = {isa = PBXBuildFile; productRef = ADF9523E236BE5EA0085AF13 /* CombineX */; };
/* End PBXBuildFile section */

/* Begin PBXFileReference section */
		ADF95006236BE4840085AF13 /* CombineX_Test.app */ = {isa = PBXFileReference; explicitFileType = wrapper.application; includeInIndex = 0; path = CombineX_Test.app; sourceTree = BUILT_PRODUCTS_DIR; };
		ADF95009236BE4840085AF13 /* AppDelegate.swift */ = {isa = PBXFileReference; lastKnownFileType = sourcecode.swift; path = AppDelegate.swift; sourceTree = "<group>"; };
		ADF9500D236BE4840085AF13 /* ViewController.swift */ = {isa = PBXFileReference; lastKnownFileType = sourcecode.swift; path = ViewController.swift; sourceTree = "<group>"; };
		ADF95010236BE4840085AF13 /* Base */ = {isa = PBXFileReference; lastKnownFileType = file.storyboard; name = Base; path = Base.lproj/Main.storyboard; sourceTree = "<group>"; };
		ADF95012236BE4860085AF13 /* Assets.xcassets */ = {isa = PBXFileReference; lastKnownFileType = folder.assetcatalog; path = Assets.xcassets; sourceTree = "<group>"; };
		ADF95015236BE4860085AF13 /* Base */ = {isa = PBXFileReference; lastKnownFileType = file.storyboard; name = Base; path = Base.lproj/LaunchScreen.storyboard; sourceTree = "<group>"; };
		ADF95017236BE4860085AF13 /* Info.plist */ = {isa = PBXFileReference; lastKnownFileType = text.plist.xml; path = Info.plist; sourceTree = "<group>"; };
/* End PBXFileReference section */

/* Begin PBXFrameworksBuildPhase section */
		ADF95003236BE4840085AF13 /* Frameworks */ = {
			isa = PBXFrameworksBuildPhase;
			buildActionMask = 2147483647;
			files = (
				ADF9523F236BE5EA0085AF13 /* CombineX in Frameworks */,
			);
			runOnlyForDeploymentPostprocessing = 0;
		};
/* End PBXFrameworksBuildPhase section */

/* Begin PBXGroup section */
		ADF94FFD236BE4840085AF13 = {
			isa = PBXGroup;
			children = (
				ADF95008236BE4840085AF13 /* CombineX_Test */,
				ADF95007236BE4840085AF13 /* Products */,
			);
			sourceTree = "<group>";
		};
		ADF95007236BE4840085AF13 /* Products */ = {
			isa = PBXGroup;
			children = (
				ADF95006236BE4840085AF13 /* CombineX_Test.app */,
			);
			name = Products;
			sourceTree = "<group>";
		};
		ADF95008236BE4840085AF13 /* CombineX_Test */ = {
			isa = PBXGroup;
			children = (
				ADF95009236BE4840085AF13 /* AppDelegate.swift */,
				ADF9500D236BE4840085AF13 /* ViewController.swift */,
				ADF9500F236BE4840085AF13 /* Main.storyboard */,
				ADF95012236BE4860085AF13 /* Assets.xcassets */,
				ADF95014236BE4860085AF13 /* LaunchScreen.storyboard */,
				ADF95017236BE4860085AF13 /* Info.plist */,
			);
			path = CombineX_Test;
			sourceTree = "<group>";
		};
/* End PBXGroup section */

/* Begin PBXNativeTarget section */
		ADF95005236BE4840085AF13 /* CombineX_Test */ = {
			isa = PBXNativeTarget;
			buildConfigurationList = ADF9501A236BE4860085AF13 /* Build configuration list for PBXNativeTarget "CombineX_Test" */;
			buildPhases = (
				ADF95002236BE4840085AF13 /* Sources */,
				ADF95003236BE4840085AF13 /* Frameworks */,
				ADF95004236BE4840085AF13 /* Resources */,
			);
			buildRules = (
			);
			dependencies = (
			);
			name = CombineX_Test;
			packageProductDependencies = (
				ADF9523E236BE5EA0085AF13 /* CombineX */,
			);
			productName = CombineX_Test;
			productReference = ADF95006236BE4840085AF13 /* CombineX_Test.app */;
			productType = "com.apple.product-type.application";
		};
/* End PBXNativeTarget section */

/* Begin PBXProject section */
		ADF94FFE236BE4840085AF13 /* Project object */ = {
			isa = PBXProject;
			attributes = {
				LastSwiftUpdateCheck = 1110;
				LastUpgradeCheck = 1110;
				ORGANIZATIONNAME = anddy;
				TargetAttributes = {
					ADF95005236BE4840085AF13 = {
						CreatedOnToolsVersion = 11.1;
					};
				};
			};
			buildConfigurationList = ADF95001236BE4840085AF13 /* Build configuration list for PBXProject "CombineX_Test" */;
			compatibilityVersion = "Xcode 9.3";
			developmentRegion = en;
			hasScannedForEncodings = 0;
			knownRegions = (
				en,
				Base,
			);
			mainGroup = ADF94FFD236BE4840085AF13;
			packageReferences = (
				ADF9523D236BE5EA0085AF13 /* XCRemoteSwiftPackageReference "CombineX" */,
			);
			productRefGroup = ADF95007236BE4840085AF13 /* Products */;
			projectDirPath = "";
			projectRoot = "";
			targets = (
				ADF95005236BE4840085AF13 /* CombineX_Test */,
			);
		};
/* End PBXProject section */

/* Begin PBXResourcesBuildPhase section */
		ADF95004236BE4840085AF13 /* Resources */ = {
			isa = PBXResourcesBuildPhase;
			buildActionMask = 2147483647;
			files = (
				ADF95016236BE4860085AF13 /* LaunchScreen.storyboard in Resources */,
				ADF95013236BE4860085AF13 /* Assets.xcassets in Resources */,
				ADF95011236BE4840085AF13 /* Main.storyboard in Resources */,
			);
			runOnlyForDeploymentPostprocessing = 0;
		};
/* End PBXResourcesBuildPhase section */

/* Begin PBXSourcesBuildPhase section */
		ADF95002236BE4840085AF13 /* Sources */ = {
			isa = PBXSourcesBuildPhase;
			buildActionMask = 2147483647;
			files = (
				ADF9500E236BE4840085AF13 /* ViewController.swift in Sources */,
				ADF9500A236BE4840085AF13 /* AppDelegate.swift in Sources */,
			);
			runOnlyForDeploymentPostprocessing = 0;
		};
/* End PBXSourcesBuildPhase section */

/* Begin PBXVariantGroup section */
		ADF9500F236BE4840085AF13 /* Main.storyboard */ = {
			isa = PBXVariantGroup;
			children = (
				ADF95010236BE4840085AF13 /* Base */,
			);
			name = Main.storyboard;
			sourceTree = "<group>";
		};
		ADF95014236BE4860085AF13 /* LaunchScreen.storyboard */ = {
			isa = PBXVariantGroup;
			children = (
				ADF95015236BE4860085AF13 /* Base */,
			);
			name = LaunchScreen.storyboard;
			sourceTree = "<group>";
		};
/* End PBXVariantGroup section */

/* Begin XCBuildConfiguration section */
		ADF95018236BE4860085AF13 /* Debug */ = {
			isa = XCBuildConfiguration;
			buildSettings = {
				ALWAYS_SEARCH_USER_PATHS = NO;
				CLANG_ANALYZER_NONNULL = YES;
				CLANG_ANALYZER_NUMBER_OBJECT_CONVERSION = YES_AGGRESSIVE;
				CLANG_CXX_LANGUAGE_STANDARD = "gnu++14";
				CLANG_CXX_LIBRARY = "libc++";
				CLANG_ENABLE_MODULES = YES;
				CLANG_ENABLE_OBJC_ARC = YES;
				CLANG_ENABLE_OBJC_WEAK = YES;
				CLANG_WARN_BLOCK_CAPTURE_AUTORELEASING = YES;
				CLANG_WARN_BOOL_CONVERSION = YES;
				CLANG_WARN_COMMA = YES;
				CLANG_WARN_CONSTANT_CONVERSION = YES;
				CLANG_WARN_DEPRECATED_OBJC_IMPLEMENTATIONS = YES;
				CLANG_WARN_DIRECT_OBJC_ISA_USAGE = YES_ERROR;
				CLANG_WARN_DOCUMENTATION_COMMENTS = YES;
				CLANG_WARN_EMPTY_BODY = YES;
				CLANG_WARN_ENUM_CONVERSION = YES;
				CLANG_WARN_INFINITE_RECURSION = YES;
				CLANG_WARN_INT_CONVERSION = YES;
				CLANG_WARN_NON_LITERAL_NULL_CONVERSION = YES;
				CLANG_WARN_OBJC_IMPLICIT_RETAIN_SELF = YES;
				CLANG_WARN_OBJC_LITERAL_CONVERSION = YES;
				CLANG_WARN_OBJC_ROOT_CLASS = YES_ERROR;
				CLANG_WARN_RANGE_LOOP_ANALYSIS = YES;
				CLANG_WARN_STRICT_PROTOTYPES = YES;
				CLANG_WARN_SUSPICIOUS_MOVE = YES;
				CLANG_WARN_UNGUARDED_AVAILABILITY = YES_AGGRESSIVE;
				CLANG_WARN_UNREACHABLE_CODE = YES;
				CLANG_WARN__DUPLICATE_METHOD_MATCH = YES;
				COPY_PHASE_STRIP = NO;
				DEBUG_INFORMATION_FORMAT = dwarf;
				ENABLE_STRICT_OBJC_MSGSEND = YES;
				ENABLE_TESTABILITY = YES;
				GCC_C_LANGUAGE_STANDARD = gnu11;
				GCC_DYNAMIC_NO_PIC = NO;
				GCC_NO_COMMON_BLOCKS = YES;
				GCC_OPTIMIZATION_LEVEL = 0;
				GCC_PREPROCESSOR_DEFINITIONS = (
					"DEBUG=1",
					"$(inherited)",
				);
				GCC_WARN_64_TO_32_BIT_CONVERSION = YES;
				GCC_WARN_ABOUT_RETURN_TYPE = YES_ERROR;
				GCC_WARN_UNDECLARED_SELECTOR = YES;
				GCC_WARN_UNINITIALIZED_AUTOS = YES_AGGRESSIVE;
				GCC_WARN_UNUSED_FUNCTION = YES;
				GCC_WARN_UNUSED_VARIABLE = YES;
				IPHONEOS_DEPLOYMENT_TARGET = 13.1;
				MTL_ENABLE_DEBUG_INFO = INCLUDE_SOURCE;
				MTL_FAST_MATH = YES;
				ONLY_ACTIVE_ARCH = YES;
				SDKROOT = iphoneos;
				SWIFT_ACTIVE_COMPILATION_CONDITIONS = DEBUG;
				SWIFT_OPTIMIZATION_LEVEL = "-Onone";
			};
			name = Debug;
		};
		ADF95019236BE4860085AF13 /* Release */ = {
			isa = XCBuildConfiguration;
			buildSettings = {
				ALWAYS_SEARCH_USER_PATHS = NO;
				CLANG_ANALYZER_NONNULL = YES;
				CLANG_ANALYZER_NUMBER_OBJECT_CONVERSION = YES_AGGRESSIVE;
				CLANG_CXX_LANGUAGE_STANDARD = "gnu++14";
				CLANG_CXX_LIBRARY = "libc++";
				CLANG_ENABLE_MODULES = YES;
				CLANG_ENABLE_OBJC_ARC = YES;
				CLANG_ENABLE_OBJC_WEAK = YES;
				CLANG_WARN_BLOCK_CAPTURE_AUTORELEASING = YES;
				CLANG_WARN_BOOL_CONVERSION = YES;
				CLANG_WARN_COMMA = YES;
				CLANG_WARN_CONSTANT_CONVERSION = YES;
				CLANG_WARN_DEPRECATED_OBJC_IMPLEMENTATIONS = YES;
				CLANG_WARN_DIRECT_OBJC_ISA_USAGE = YES_ERROR;
				CLANG_WARN_DOCUMENTATION_COMMENTS = YES;
				CLANG_WARN_EMPTY_BODY = YES;
				CLANG_WARN_ENUM_CONVERSION = YES;
				CLANG_WARN_INFINITE_RECURSION = YES;
				CLANG_WARN_INT_CONVERSION = YES;
				CLANG_WARN_NON_LITERAL_NULL_CONVERSION = YES;
				CLANG_WARN_OBJC_IMPLICIT_RETAIN_SELF = YES;
				CLANG_WARN_OBJC_LITERAL_CONVERSION = YES;
				CLANG_WARN_OBJC_ROOT_CLASS = YES_ERROR;
				CLANG_WARN_RANGE_LOOP_ANALYSIS = YES;
				CLANG_WARN_STRICT_PROTOTYPES = YES;
				CLANG_WARN_SUSPICIOUS_MOVE = YES;
				CLANG_WARN_UNGUARDED_AVAILABILITY = YES_AGGRESSIVE;
				CLANG_WARN_UNREACHABLE_CODE = YES;
				CLANG_WARN__DUPLICATE_METHOD_MATCH = YES;
				COPY_PHASE_STRIP = NO;
				DEBUG_INFORMATION_FORMAT = "dwarf-with-dsym";
				ENABLE_NS_ASSERTIONS = NO;
				ENABLE_STRICT_OBJC_MSGSEND = YES;
				GCC_C_LANGUAGE_STANDARD = gnu11;
				GCC_NO_COMMON_BLOCKS = YES;
				GCC_WARN_64_TO_32_BIT_CONVERSION = YES;
				GCC_WARN_ABOUT_RETURN_TYPE = YES_ERROR;
				GCC_WARN_UNDECLARED_SELECTOR = YES;
				GCC_WARN_UNINITIALIZED_AUTOS = YES_AGGRESSIVE;
				GCC_WARN_UNUSED_FUNCTION = YES;
				GCC_WARN_UNUSED_VARIABLE = YES;
				IPHONEOS_DEPLOYMENT_TARGET = 13.1;
				MTL_ENABLE_DEBUG_INFO = NO;
				MTL_FAST_MATH = YES;
				SDKROOT = iphoneos;
				SWIFT_COMPILATION_MODE = wholemodule;
				SWIFT_OPTIMIZATION_LEVEL = "-O";
				VALIDATE_PRODUCT = YES;
			};
			name = Release;
		};
		ADF9501B236BE4860085AF13 /* Debug */ = {
			isa = XCBuildConfiguration;
			buildSettings = {
				ASSETCATALOG_COMPILER_APPICON_NAME = AppIcon;
				CODE_SIGN_STYLE = Automatic;
				DEVELOPMENT_TEAM = 2K8YS59BMF;
				INFOPLIST_FILE = CombineX_Test/Info.plist;
				IPHONEOS_DEPLOYMENT_TARGET = 11.0;
				LD_RUNPATH_SEARCH_PATHS = (
					"$(inherited)",
					"@executable_path/Frameworks",
				);
				PRODUCT_BUNDLE_IDENTIFIER = "com.apus.CombineX-Test";
				PRODUCT_NAME = "$(TARGET_NAME)";
				SWIFT_VERSION = 5.0;
				TARGETED_DEVICE_FAMILY = "1,2";
			};
			name = Debug;
		};
		ADF9501C236BE4860085AF13 /* Release */ = {
			isa = XCBuildConfiguration;
			buildSettings = {
				ASSETCATALOG_COMPILER_APPICON_NAME = AppIcon;
				CODE_SIGN_STYLE = Automatic;
				DEVELOPMENT_TEAM = 2K8YS59BMF;
				INFOPLIST_FILE = CombineX_Test/Info.plist;
				IPHONEOS_DEPLOYMENT_TARGET = 11.0;
				LD_RUNPATH_SEARCH_PATHS = (
					"$(inherited)",
					"@executable_path/Frameworks",
				);
				PRODUCT_BUNDLE_IDENTIFIER = "com.apus.CombineX-Test";
				PRODUCT_NAME = "$(TARGET_NAME)";
				SWIFT_VERSION = 5.0;
				TARGETED_DEVICE_FAMILY = "1,2";
			};
			name = Release;
		};
/* End XCBuildConfiguration section */

/* Begin XCConfigurationList section */
		ADF95001236BE4840085AF13 /* Build configuration list for PBXProject "CombineX_Test" */ = {
			isa = XCConfigurationList;
			buildConfigurations = (
				ADF95018236BE4860085AF13 /* Debug */,
				ADF95019236BE4860085AF13 /* Release */,
			);
			defaultConfigurationIsVisible = 0;
			defaultConfigurationName = Release;
		};
		ADF9501A236BE4860085AF13 /* Build configuration list for PBXNativeTarget "CombineX_Test" */ = {
			isa = XCConfigurationList;
			buildConfigurations = (
				ADF9501B236BE4860085AF13 /* Debug */,
				ADF9501C236BE4860085AF13 /* Release */,
			);
			defaultConfigurationIsVisible = 0;
			defaultConfigurationName = Release;
		};
/* End XCConfigurationList section */

/* Begin XCRemoteSwiftPackageReference section */
		ADF9523D236BE5EA0085AF13 /* XCRemoteSwiftPackageReference "CombineX" */ = {
			isa = XCRemoteSwiftPackageReference;
			repositoryURL = "https://github.com/cx-org/CombineX.git";
			requirement = {
				kind = upToNextMajorVersion;
				minimumVersion = "0.0.1-beta.3";
			};
		};
/* End XCRemoteSwiftPackageReference section */

/* Begin XCSwiftPackageProductDependency section */
		ADF9523E236BE5EA0085AF13 /* CombineX */ = {
			isa = XCSwiftPackageProductDependency;
			package = ADF9523D236BE5EA0085AF13 /* XCRemoteSwiftPackageReference "CombineX" */;
			productName = CombineX;
		};
/* End XCSwiftPackageProductDependency section */
	};
	rootObject = ADF94FFE236BE4840085AF13 /* Project object */;
}
